lockfileVersion: '9.0'

settings:
  autoInstallPeers: true
  excludeLinksFromLockfile: false

importers:

  .:
    dependencies:
      '@symbioticfi/relay-stats-ts':
        specifier: file:..
        version: file:..(bufferutil@4.0.9)(typescript@5.9.3)(utf-8-validate@5.0.10)
      viem:
        specifier: ^2.36.0
        version: 2.42.0(bufferutil@4.0.9)(typescript@5.9.3)(utf-8-validate@5.0.10)
    devDependencies:
      '@types/node':
        specifier: ^20.0.0
        version: 20.19.27
      ts-node:
        specifier: ^10.9.1
        version: 10.9.2(@types/node@20.19.27)(typescript@5.9.3)
      typescript:
        specifier: ^5.0.0
        version: 5.9.3

packages:

  '@adraffy/ens-normalize@1.11.1':
    resolution: {integrity: sha512-nhCBV3quEgesuf7c7KYfperqSS14T8bYuvJ8PcLJp6znkZpFc0AuW4qBtr8eKVyPPe/8RSr7sglCWPU5eaxwKQ==}

  '@chainsafe/as-sha256@1.2.0':
    resolution: {integrity: sha512-H2BNHQ5C3RS+H0ZvOdovK6GjFAyq5T6LClad8ivwj9Oaiy28uvdsGVS7gNJKuZmg0FGHAI+n7F0Qju6U0QkKDA==}

  '@chainsafe/hashtree-darwin-arm64@1.0.2':
    resolution: {integrity: sha512-yIIwn9SUR5ZTl2vN1QqRtDFL/w2xYW4o68A1k8UexMbieGAnE7Ab7NvtCZRHRe8x0eONO46F/bWn5bxxyYlFXw==}
    engines: {node: '>= 18'}
    cpu: [arm64]
    os: [darwin]

  '@chainsafe/hashtree-linux-arm64-gnu@1.0.2':
    resolution: {integrity: sha512-MDz1xBRTRHw2eezGqx1Ff8NoeUUQP3bhbeeVG8ZZTkFYqvRc8O65OQOTtgO+fFGvqnDjVBSRHmiTXU5eNeH/mQ==}
    engines: {node: '>= 18'}
    cpu: [arm64]
    os: [linux]

  '@chainsafe/hashtree-linux-arm64-musl@1.0.2':
    resolution: {integrity: sha512-BUy+/9brJwAFAtraro4y/1F+aP/8j/7HrnYdde8PTu7jHWAClI9xZygadaJbk0GoWxyCOUAJKUs8KHVnYxJDeg==}
    engines: {node: '>= 18'}
    cpu: [arm64]
    os: [linux]

  '@chainsafe/hashtree-linux-x64-gnu@1.0.2':
    resolution: {integrity: sha512-bFy9ffFG77SivmeOjOlZmOCrxzQ/WqUESy0I+dW6IX7wquTXHldJKWvohs9+FEn3TSXgeigFmEATz5tfxBfIZw==}
    engines: {node: '>= 18'}
    cpu: [x64]
    os: [linux]

  '@chainsafe/hashtree-linux-x64-musl@1.0.2':
    resolution: {integrity: sha512-mbJB3C0RjwpqOMPZIUQm3IBH6d3sYiKDXMU6ORt5nuk7Ix2I80xxffAciDO1d7kKNnW6HStOj5s/rGhIDxK1ug==}
    engines: {node: '>= 18'}
    cpu: [x64]
    os: [linux]

  '@chainsafe/hashtree-win32-x64-msvc@1.0.2':
    resolution: {integrity: sha512-wXFhGqaydgadefQbjSTGqZY1R1MBhnJj+gbJhULNRUXco5pHsXfOk3QhCDAefp1PPW+wQwfT4clEnQCqJIf58w==}
    engines: {node: '>= 18'}
    cpu: [x64]
    os: [win32]

  '@chainsafe/hashtree@1.0.2':
    resolution: {integrity: sha512-OaWjsZ6S/GaT2RvaqdpsF5Mux8qQOE2KbitX2yHmQJZNUZkdh7C3N4PA5LsvewqX+z8Nkv8mr1uSe0LSrHGiQw==}
    engines: {node: '>= 18'}

  '@chainsafe/persistent-merkle-tree@1.2.1':
    resolution: {integrity: sha512-AOSEVLfaqwb9eTCKuY1ri0DrRxVQ3Rh+we1VBj1GahUGfEdE8OC3Vkbca7Up6RoI9Ip9FLnI31Y7AjKH9ZqAGA==}

  '@chainsafe/ssz@1.3.0':
    resolution: {integrity: sha512-+O3WHnud8ZzIVF9/hSC+UazLDPgaa98quKLj/Z1PGnfGuW4JvCfS5Wh9EoZDvqGTI/AZlIbXpn4qC2s4BzQdfA==}

  '@cspotcode/source-map-support@0.8.1':
    resolution: {integrity: sha512-IchNf6dN4tHoMFIn/7OE8LWZ19Y6q/67Bmf6vnGREv8RSbBVb9LPJxEcnwrcwX6ixSvaiGoomAUvu4YSxXrVgw==}
    engines: {node: '>=12'}

  '@ethersproject/abi@5.8.0':
    resolution: {integrity: sha512-b9YS/43ObplgyV6SlyQsG53/vkSal0MNA1fskSC4mbnCMi8R+NkcH8K9FPYNESf6jUefBUniE4SOKms0E/KK1Q==}

  '@ethersproject/abstract-provider@5.8.0':
    resolution: {integrity: sha512-wC9SFcmh4UK0oKuLJQItoQdzS/qZ51EJegK6EmAWlh+OptpQ/npECOR3QqECd8iGHC0RJb4WKbVdSfif4ammrg==}

  '@ethersproject/abstract-signer@5.8.0':
    resolution: {integrity: sha512-N0XhZTswXcmIZQdYtUnd79VJzvEwXQw6PK0dTl9VoYrEBxxCPXqS0Eod7q5TNKRxe1/5WUMuR0u0nqTF/avdCA==}

  '@ethersproject/address@5.8.0':
    resolution: {integrity: sha512-GhH/abcC46LJwshoN+uBNoKVFPxUuZm6dA257z0vZkKmU1+t8xTn8oK7B9qrj8W2rFRMch4gbJl6PmVxjxBEBA==}

  '@ethersproject/base64@5.8.0':
    resolution: {integrity: sha512-lN0oIwfkYj9LbPx4xEkie6rAMJtySbpOAFXSDVQaBnAzYfB4X2Qr+FXJGxMoc3Bxp2Sm8OwvzMrywxyw0gLjIQ==}

  '@ethersproject/basex@5.8.0':
    resolution: {integrity: sha512-PIgTszMlDRmNwW9nhS6iqtVfdTAKosA7llYXNmGPw4YAI1PUyMv28988wAb41/gHF/WqGdoLv0erHaRcHRKW2Q==}

  '@ethersproject/bignumber@5.8.0':
    resolution: {integrity: sha512-ZyaT24bHaSeJon2tGPKIiHszWjD/54Sz8t57Toch475lCLljC6MgPmxk7Gtzz+ddNN5LuHea9qhAe0x3D+uYPA==}

  '@ethersproject/bytes@5.8.0':
    resolution: {integrity: sha512-vTkeohgJVCPVHu5c25XWaWQOZ4v+DkGoC42/TS2ond+PARCxTJvgTFUNDZovyQ/uAQ4EcpqqowKydcdmRKjg7A==}

  '@ethersproject/constants@5.8.0':
    resolution: {integrity: sha512-wigX4lrf5Vu+axVTIvNsuL6YrV4O5AXl5ubcURKMEME5TnWBouUh0CDTWxZ2GpnRn1kcCgE7l8O5+VbV9QTTcg==}

  '@ethersproject/contracts@5.8.0':
    resolution: {integrity: sha512-0eFjGz9GtuAi6MZwhb4uvUM216F38xiuR0yYCjKJpNfSEy4HUM8hvqqBj9Jmm0IUz8l0xKEhWwLIhPgxNY0yvQ==}

  '@ethersproject/hash@5.8.0':
    resolution: {integrity: sha512-ac/lBcTbEWW/VGJij0CNSw/wPcw9bSRgCB0AIBz8CvED/jfvDoV9hsIIiWfvWmFEi8RcXtlNwp2jv6ozWOsooA==}

  '@ethersproject/hdnode@5.8.0':
    resolution: {integrity: sha512-4bK1VF6E83/3/Im0ERnnUeWOY3P1BZml4ZD3wcH8Ys0/d1h1xaFt6Zc+Dh9zXf9TapGro0T4wvO71UTCp3/uoA==}

  '@ethersproject/json-wallets@5.8.0':
    resolution: {integrity: sha512-HxblNck8FVUtNxS3VTEYJAcwiKYsBIF77W15HufqlBF9gGfhmYOJtYZp8fSDZtn9y5EaXTE87zDwzxRoTFk11w==}

  '@ethersproject/keccak256@5.8.0':
    resolution: {integrity: sha512-A1pkKLZSz8pDaQ1ftutZoaN46I6+jvuqugx5KYNeQOPqq+JZ0Txm7dlWesCHB5cndJSu5vP2VKptKf7cksERng==}

  '@ethersproject/logger@5.8.0':
    resolution: {integrity: sha512-Qe6knGmY+zPPWTC+wQrpitodgBfH7XoceCGL5bJVejmH+yCS3R8jJm8iiWuvWbG76RUmyEG53oqv6GMVWqunjA==}

  '@ethersproject/networks@5.8.0':
    resolution: {integrity: sha512-egPJh3aPVAzbHwq8DD7Po53J4OUSsA1MjQp8Vf/OZPav5rlmWUaFLiq8cvQiGK0Z5K6LYzm29+VA/p4RL1FzNg==}

  '@ethersproject/pbkdf2@5.8.0':
    resolution: {integrity: sha512-wuHiv97BrzCmfEaPbUFpMjlVg/IDkZThp9Ri88BpjRleg4iePJaj2SW8AIyE8cXn5V1tuAaMj6lzvsGJkGWskg==}

  '@ethersproject/properties@5.8.0':
    resolution: {integrity: sha512-PYuiEoQ+FMaZZNGrStmN7+lWjlsoufGIHdww7454FIaGdbe/p5rnaCXTr5MtBYl3NkeoVhHZuyzChPeGeKIpQw==}

  '@ethersproject/providers@5.8.0':
    resolution: {integrity: sha512-3Il3oTzEx3o6kzcg9ZzbE+oCZYyY+3Zh83sKkn4s1DZfTUjIegHnN2Cm0kbn9YFy45FDVcuCLLONhU7ny0SsCw==}

  '@ethersproject/random@5.8.0':
    resolution: {integrity: sha512-E4I5TDl7SVqyg4/kkA/qTfuLWAQGXmSOgYyO01So8hLfwgKvYK5snIlzxJMk72IFdG/7oh8yuSqY2KX7MMwg+A==}

  '@ethersproject/rlp@5.8.0':
    resolution: {integrity: sha512-LqZgAznqDbiEunaUvykH2JAoXTT9NV0Atqk8rQN9nx9SEgThA/WMx5DnW8a9FOufo//6FZOCHZ+XiClzgbqV9Q==}

  '@ethersproject/sha2@5.8.0':
    resolution: {integrity: sha512-dDOUrXr9wF/YFltgTBYS0tKslPEKr6AekjqDW2dbn1L1xmjGR+9GiKu4ajxovnrDbwxAKdHjW8jNcwfz8PAz4A==}

  '@ethersproject/signing-key@5.8.0':
    resolution: {integrity: sha512-LrPW2ZxoigFi6U6aVkFN/fa9Yx/+4AtIUe4/HACTvKJdhm0eeb107EVCIQcrLZkxaSIgc/eCrX8Q1GtbH+9n3w==}

  '@ethersproject/solidity@5.8.0':
    resolution: {integrity: sha512-4CxFeCgmIWamOHwYN9d+QWGxye9qQLilpgTU0XhYs1OahkclF+ewO+3V1U0mvpiuQxm5EHHmv8f7ClVII8EHsA==}

  '@ethersproject/strings@5.8.0':
    resolution: {integrity: sha512-qWEAk0MAvl0LszjdfnZ2uC8xbR2wdv4cDabyHiBh3Cldq/T8dPH3V4BbBsAYJUeonwD+8afVXld274Ls+Y1xXg==}

  '@ethersproject/transactions@5.8.0':
    resolution: {integrity: sha512-UglxSDjByHG0TuU17bDfCemZ3AnKO2vYrL5/2n2oXvKzvb7Cz+W9gOWXKARjp2URVwcWlQlPOEQyAviKwT4AHg==}

  '@ethersproject/units@5.8.0':
    resolution: {integrity: sha512-lxq0CAnc5kMGIiWW4Mr041VT8IhNM+Pn5T3haO74XZWFulk7wH1Gv64HqE96hT4a7iiNMdOCFEBgaxWuk8ETKQ==}

  '@ethersproject/wallet@5.8.0':
    resolution: {integrity: sha512-G+jnzmgg6UxurVKRKvw27h0kvG75YKXZKdlLYmAHeF32TGUzHkOFd7Zn6QHOTYRFWnfjtSSFjBowKo7vfrXzPA==}

  '@ethersproject/web@5.8.0':
    resolution: {integrity: sha512-j7+Ksi/9KfGviws6Qtf9Q7KCqRhpwrYKQPs+JBA/rKVFF/yaWLHJEH3zfVP2plVu+eys0d2DlFmhoQJayFewcw==}

  '@ethersproject/wordlists@5.8.0':
    resolution: {integrity: sha512-2df9bbXicZws2Sb5S6ET493uJ0Z84Fjr3pC4tu/qlnZERibZCeUVuqdtt+7Tv9xxhUxHoIekIA7avrKUWHrezg==}

  '@jridgewell/resolve-uri@3.1.2':
    resolution: {integrity: sha512-bRISgCIjP20/tbWSPWMEi54QVPRZExkuD9lJL+UIxUKtwVJA8wW1Trb1jMs1RFXo1CBTNZ/5hpC9QvmKWdopKw==}
    engines: {node: '>=6.0.0'}

  '@jridgewell/sourcemap-codec@1.5.5':
    resolution: {integrity: sha512-cYQ9310grqxueWbl+WuIUIaiUaDcj7WOq5fVhEljNVgRfOUhY9fy2zTvfoqWsnebh8Sl70VScFbICvJnLKB0Og==}

  '@jridgewell/trace-mapping@0.3.9':
    resolution: {integrity: sha512-3Belt6tdc8bPgAtbcmdtNJlirVoTmEb5e2gC94PnkwEW9jI6CAHUeoG85tjWP5WquqfavoMtMwiG4P926ZKKuQ==}

  '@noble/ciphers@1.3.0':
    resolution: {integrity: sha512-2I0gnIVPtfnMw9ee9h1dJG7tp81+8Ob3OJb3Mv37rx5L40/b0i7djjCVvGOVqc9AEIQyvyu1i6ypKdFw8R8gQw==}
    engines: {node: ^14.21.3 || >=16}

  '@noble/curves@1.9.1':
    resolution: {integrity: sha512-k11yZxZg+t+gWvBbIswW0yoJlu8cHOC7dhunwOzoWH/mXGBiYyR4YY6hAEK/3EUs4UpB8la1RfdRpeGsFHkWsA==}
    engines: {node: ^14.21.3 || >=16}

  '@noble/hashes@1.8.0':
    resolution: {integrity: sha512-jCs9ldd7NwzpgXDIf6P3+NrHh9/sD6CQdxHyjQI+h/6rDNo88ypBxxz45UDuZHz9r3tNz7N/VInSVoVdtXEI4A==}
    engines: {node: ^14.21.3 || >=16}

  '@scure/base@1.2.6':
    resolution: {integrity: sha512-g/nm5FgUa//MCj1gV09zTJTaM6KBAHqLN907YVQqf7zC49+DcO4B1so4ZX07Ef10Twr6nuqYEH9GEggFXA4Fmg==}

  '@scure/bip32@1.7.0':
    resolution: {integrity: sha512-E4FFX/N3f4B80AKWp5dP6ow+flD1LQZo/w8UnLGYZO674jS6YnYeepycOOksv+vLPSpgN35wgKgy+ybfTb2SMw==}

  '@scure/bip39@1.6.0':
    resolution: {integrity: sha512-+lF0BbLiJNwVlev4eKelw1WWLaiKXw7sSl8T6FvBlWkdX+94aGJ4o8XjUdlyhTCjd8c+B3KT3JfS8P0bLRNU6A==}

  '@symbioticfi/relay-stats-ts@file:..':
    resolution: {directory: .., type: directory}
    engines: {node: '>=18.0.0'}

  '@tsconfig/node10@1.0.12':
    resolution: {integrity: sha512-UCYBaeFvM11aU2y3YPZ//O5Rhj+xKyzy7mvcIoAjASbigy8mHMryP5cK7dgjlz2hWxh1g5pLw084E0a/wlUSFQ==}

  '@tsconfig/node12@1.0.11':
    resolution: {integrity: sha512-cqefuRsh12pWyGsIoBKJA9luFu3mRxCA+ORZvA4ktLSzIuCUtWVxGIuXigEwO5/ywWFMZ2QEGKWvkZG1zDMTag==}

  '@tsconfig/node14@1.0.3':
    resolution: {integrity: sha512-ysT8mhdixWK6Hw3i1V2AeRqZ5WfXg1G43mqoYlM2nc6388Fq5jcXyr5mRsqViLx/GJYdoL0bfXD8nmF+Zn/Iow==}

  '@tsconfig/node16@1.0.4':
    resolution: {integrity: sha512-vxhUy4J8lyeyinH7Azl1pdd43GJhZH/tP2weN8TntQblOY+A0XbT8DJk1/oCPuOOyg/Ja757rG0CgHcWC8OfMA==}

  '@types/node@20.19.27':
    resolution: {integrity: sha512-N2clP5pJhB2YnZJ3PIHFk5RkygRX5WO/5f0WC08tp0wd+sv0rsJk3MqWn3CbNmT2J505a5336jaQj4ph1AdMug==}

  abitype@1.1.0:
    resolution: {integrity: sha512-6Vh4HcRxNMLA0puzPjM5GBgT4aAcFGKZzSgAXvuZ27shJP6NEpielTuqbBmZILR5/xd0PizkBGy5hReKz9jl5A==}
    peerDependencies:
      typescript: '>=5.0.4'
      zod: ^3.22.0 || ^4.0.0
    peerDependenciesMeta:
      typescript:
        optional: true
      zod:
        optional: true

  abitype@1.2.3:
    resolution: {integrity: sha512-Ofer5QUnuUdTFsBRwARMoWKOH1ND5ehwYhJ3OJ/BQO+StkwQjHw0XyVh4vDttzHB7QOFhPHa/o413PJ82gU/Tg==}
    peerDependencies:
      typescript: '>=5.0.4'
      zod: ^3.22.0 || ^4.0.0
    peerDependenciesMeta:
      typescript:
        optional: true
      zod:
        optional: true

  acorn-walk@8.3.4:
    resolution: {integrity: sha512-ueEepnujpqee2o5aIYnvHU6C0A42MNdsIDeqy5BydrkuC5R1ZuUFnm27EeFJGoEHJQgn3uleRvmTXaJgfXbt4g==}
    engines: {node: '>=0.4.0'}

  acorn@8.15.0:
    resolution: {integrity: sha512-NZyJarBfL7nWwIq+FDL6Zp/yHEhePMNnnJ0y3qfieCrmNvYct8uvtiV41UvlSe6apAfk0fY1FbWx+NwfmpvtTg==}
    engines: {node: '>=0.4.0'}
    hasBin: true

  aes-js@3.0.0:
    resolution: {integrity: sha512-H7wUZRn8WpTq9jocdxQ2c8x2sKo9ZVmzfRE13GiNJXfp7NcKYEdvl3vspKjXox6RIG2VtaRe4JFvxG4rqp2Zuw==}

  arg@4.1.3:
    resolution: {integrity: sha512-58S9QDqG0Xx27YwPSt9fJxivjYl432YCwfDMfZ+71RAqUrZef7LrKQZ3LHLOwCS4FLNBplP533Zx895SeOCHvA==}

  b4a@1.7.3:
    resolution: {integrity: sha512-5Q2mfq2WfGuFp3uS//0s6baOJLMoVduPYVeNmDYxu5OUA1/cBfvr2RIS7vi62LdNj/urk1hfmj867I3qt6uZ7Q==}
    peerDependencies:
      react-native-b4a: '*'
    peerDependenciesMeta:
      react-native-b4a:
        optional: true

  bech32@1.1.4:
    resolution: {integrity: sha512-s0IrSOzLlbvX7yp4WBfPITzpAU8sqQcpsmwXDiKwrG4r491vwCO/XpejasRNl0piBMe/DvP4Tz0mIS/X1DPJBQ==}

  big-integer@1.6.52:
    resolution: {integrity: sha512-QxD8cf2eVqJOOz63z6JIN9BzvVs/dlySa5HGSBH5xtR8dPteIRQnBxxKqkNTiT6jbDTF6jAfrd4oMcND9RGbQg==}
    engines: {node: '>=0.6'}

  blake-hash@2.0.0:
    resolution: {integrity: sha512-Igj8YowDu1PRkRsxZA7NVkdFNxH5rKv5cpLxQ0CVXSIA77pVYwCPRQJ2sMew/oneUpfuYRyjG6r8SmmmnbZb1w==}
    engines: {node: '>= 10'}

  blake2b-wasm@2.4.0:
    resolution: {integrity: sha512-S1kwmW2ZhZFFFOghcx73+ZajEfKBqhP82JMssxtLVMxlaPea1p9uoLiUZ5WYyHn0KddwbLc+0vh4wR0KBNoT5w==}

  blake2b@2.1.4:
    resolution: {integrity: sha512-AyBuuJNI64gIvwx13qiICz6H6hpmjvYS5DGkG6jbXMOT8Z3WUJ3V1X0FlhIoT1b/5JtHE3ki+xjtMvu1nn+t9A==}

  bn.js@4.12.2:
    resolution: {integrity: sha512-n4DSx829VRTRByMRGdjQ9iqsN0Bh4OolPsFnaZBLcbi8iXcB+kJ9s7EnRt4wILZNV3kPLHkRVfOc/HvhC3ovDw==}

  bn.js@5.2.2:
    resolution: {integrity: sha512-v2YAxEmKaBLahNwE1mjp4WON6huMNeuDvagFZW+ASCuA/ku0bXR9hSMw0XpiqMoA3+rmnyck/tPRSFQkoC9Cuw==}

  brorand@1.1.0:
    resolution: {integrity: sha512-cKV8tMCEpQs4hK/ik71d6LrPOnpkpGBR0wzxqr68g2m/LB2GxVYQroAjMJZRVM1Y4BCjCKc3vAamxSzOY2RP+w==}

  bufferutil@4.0.9:
    resolution: {integrity: sha512-WDtdLmJvAuNNPzByAYpRo2rF1Mmradw6gvWsQKf63476DDXmomT9zUiGypLcG4ibIM67vhAj8jJRdbmEws2Aqw==}
    engines: {node: '>=6.14.2'}

  circomlibjs@0.1.7:
    resolution: {integrity: sha512-GRAUoAlKAsiiTa+PA725G9RmEmJJRc8tRFxw/zKktUxlQISGznT4hH4ESvW8FNTsrGg/nNd06sGP/Wlx0LUHVg==}

  create-require@1.1.1:
    resolution: {integrity: sha512-dcKFX3jn0MpIaXjisoRvexIJVEKzaq7z2rZKxf+MSr9TkdmHmsU4m2lcLojrj/FHl8mk5VxMmYA+ftRkP/3oKQ==}

  diff@4.0.2:
    resolution: {integrity: sha512-58lmxKSA4BNyLz+HHMUzlOEpg09FV+ev6ZMe3vJihgdxzgcwZ8VoEEPmALCZG9LmqfVoNMMKpttIYTVG6uDY7A==}
    engines: {node: '>=0.3.1'}

  elliptic@6.6.1:
    resolution: {integrity: sha512-RaddvvMatK2LJHqFJ+YA4WysVN5Ita9E35botqIYspQ4TkRAlCicdzKOjlyv/1Za5RyTNn7di//eEV0uTAfe3g==}

  ethers@5.8.0:
    resolution: {integrity: sha512-DUq+7fHrCg1aPDFCHx6UIPb3nmt2XMpM7Y/g2gLhsl3lIBqeAfOJIl1qEvRf2uq3BiKxmh6Fh5pfp2ieyek7Kg==}

  eventemitter3@5.0.1:
    resolution: {integrity: sha512-GWkBvjiSZK87ELrYOSESUYeVIc9mvLLf/nXalMOS5dYrgZq9o5OVkbZAVM06CVxYsCwH9BDZFPlQTlPA1j4ahA==}

  ffjavascript@0.2.63:
    resolution: {integrity: sha512-dBgdsfGks58b66JnUZeZpGxdMIDQ4QsD3VYlRJyFVrKQHb2kJy4R2gufx5oetrTxXPT+aEjg0dOvOLg1N0on4A==}

  hash.js@1.1.7:
    resolution: {integrity: sha512-taOaskGt4z4SOANNseOviYDvjEJinIkRgmp7LbKP2YTTmVxWBl87s/uzK9r+44BclBSp2X7K1hqeNfz9JbBeXA==}

  hmac-drbg@1.0.1:
    resolution: {integrity: sha512-Tti3gMqLdZfhOQY1Mzf/AanLiqh1WTiJgEj26ZuYQ9fbkLomzGchCws4FyrSd4VkpBfiNhaE1On+lOz894jvXg==}

  inherits@2.0.4:
    resolution: {integrity: sha512-k/vGaX4/Yla3WzyMCvTQOXYeIHvqOKtnqBduzTHpzpQZzAskKMhZ2K+EnBiSM9zGSoIFeMpXKxa4dYeZIQqewQ==}

  isows@1.0.7:
    resolution: {integrity: sha512-I1fSfDCZL5P0v33sVqeTDSpcstAg/N+wF5HS033mogOVIp4B+oHC7oOCsA3axAbBSGTJ8QubbNmnIRN/h8U7hg==}
    peerDependencies:
      ws: '*'

  js-sha3@0.8.0:
    resolution: {integrity: sha512-gF1cRrHhIzNfToc802P800N8PpXS+evLLXfsVpowqmAFR9uwbi89WvXg2QspOmXL8QL86J4T1EpFu+yUkwJY3Q==}

  make-error@1.3.6:
    resolution: {integrity: sha512-s8UhlNe7vPKomQhC1qFelMokr/Sc3AgNbso3n74mVPA5LTZwkB9NlXf4XPamLxJE8h0gh73rM94xvwRT2CVInw==}

  minimalistic-assert@1.0.1:
    resolution: {integrity: sha512-UtJcAD4yEaGtjPezWuO9wC4nwUnVH/8/Im3yEHQP4b67cXlD/Qr9hdITCU1xDbSEXg2XKNaP8jsReV7vQd00/A==}

  minimalistic-crypto-utils@1.0.1:
    resolution: {integrity: sha512-JIYlbt6g8i5jKfJ3xz7rF0LXmv2TkDxBLUkiBeZ7bAx4GnnNMr8xFpGnOxn6GhTEHx3SjRrZEoU+j04prX1ktg==}

  nanoassert@2.0.0:
    resolution: {integrity: sha512-7vO7n28+aYO4J+8w96AzhmU8G+Y/xpPDJz/se19ICsqj/momRbb9mh9ZUtkoJ5X3nTnPdhEJyc0qnM6yAsHBaA==}

  node-addon-api@3.2.1:
    resolution: {integrity: sha512-mmcei9JghVNDYydghQmeDX8KoAm0FAiYyIcUt/N4nhyAipB17pllZQDOJD2fotxABnt4Mdz+dKTO7eftLg4d0A==}

  node-gyp-build@4.8.4:
    resolution: {integrity: sha512-LA4ZjwlnUblHVgq0oBF3Jl/6h/Nvs5fzBLwdEF4nuxnFdsfajde4WfxtJr3CaiH+F6ewcIB/q4jQ4UzPyid+CQ==}
    hasBin: true

  ox@0.14.15:
    resolution: {integrity: sha512-3TubCmbKen/cuZQzX0qDbOS5lojjdSZ90lqKxWIDWd5siuJ0IJBaTXMYs8eMPLcraqnOwGZazz3apHPGiRCkGQ==}
    peerDependencies:
      typescript: '>=5.4.0'
    peerDependenciesMeta:
      typescript:
        optional: true

  ox@0.9.6:
    resolution: {integrity: sha512-8SuCbHPvv2eZLYXrNmC0EC12rdzXQLdhnOMlHDW2wiCPLxBrOOJwX5L5E61by+UjTPOryqQiRSnjIKCI+GykKg==}
    peerDependencies:
      typescript: '>=5.4.0'
    peerDependenciesMeta:
      typescript:
        optional: true

  readable-stream@3.6.2:
    resolution: {integrity: sha512-9u/sniCrY3D5WdsERHzHE4G2YCXqoG5FTHUiCC4SIbr6XcLZBY05ya9EKjYek9O5xOAwjGq+1JdGBAS7Q9ScoA==}
    engines: {node: '>= 6'}

  safe-buffer@5.2.1:
    resolution: {integrity: sha512-rp3So07KcdmmKbGvgaNxQSJr7bGVSVk5S9Eq1F+ppbRo70+YeaDxkw5Dd8NPN+GD6bjnYm2VuPuCXmpuYvmCXQ==}

  scrypt-js@3.0.1:
    resolution: {integrity: sha512-cdwTTnqPu0Hyvf5in5asVdZocVDTNRmR7XEcJuIzMjJeSHybHl7vpB66AzwTaIg6CLSbtjcxc8fqcySfnTkccA==}

  string_decoder@1.3.0:
    resolution: {integrity: sha512-hkRX8U1WjJFd8LsDJ2yQ/wWWxaopEsABU1XfkM8A+j0+85JAGppt16cr1Whg6KIbb4okU6Mql6BOj+uup/wKeA==}

  ts-node@10.9.2:
    resolution: {integrity: sha512-f0FFpIdcHgn8zcPSbf1dRevwt047YMnaiJM3u2w2RewrB+fob/zePZcrOyQoLMMO7aBIddLcQIEK5dYjkLnGrQ==}
    hasBin: true
    peerDependencies:
      '@swc/core': '>=1.2.50'
      '@swc/wasm': '>=1.2.50'
      '@types/node': '*'
      typescript: '>=2.7'
    peerDependenciesMeta:
      '@swc/core':
        optional: true
      '@swc/wasm':
        optional: true

  typescript@5.9.3:
    resolution: {integrity: sha512-jl1vZzPDinLr9eUt3J/t7V6FgNEw9QjvBPdysz9KfQDD41fQrC2Y4vKQdiaUpFT4bXlb1RHhLpp8wtm6M5TgSw==}
    engines: {node: '>=14.17'}
    hasBin: true

  undici-types@6.21.0:
    resolution: {integrity: sha512-iwDZqg0QAGrg9Rav5H4n0M64c3mkR59cJ6wQp+7C4nI0gsmExaedaYLNO44eT4AtBBwjbTiGPMlt2Md0T9H9JQ==}

  utf-8-validate@5.0.10:
    resolution: {integrity: sha512-Z6czzLq4u8fPOyx7TU6X3dvUZVvoJmxSQ+IcrlmagKhilxlhZgxPK6C5Jqbkw1IDUmFTM+cz9QDnnLTwDz/2gQ==}
    engines: {node: '>=6.14.2'}

  util-deprecate@1.0.2:
    resolution: {integrity: sha512-EPD5q1uXyFxJpCrLnCc1nHnq3gOa6DZBocAIiI2TaSCA7VCJ1UJDMagCzIkXNsUYfD1daK//LTEQ8xiIbrHtcw==}

  v8-compile-cache-lib@3.0.1:
    resolution: {integrity: sha512-wa7YjyUGfNZngI/vtK0UHAN+lgDCxBPCylVXGp0zu59Fz5aiGtNXaq3DhIov063MorB+VfufLh3JlF2KdTK3xg==}

  viem@2.42.0:
    resolution: {integrity: sha512-H0WC6czWi7ITBoHkHJVGyjLOecqh/9XJzl4V9XVIwGs/JC3UAJ44rPvkzuYbhDknLWcnREMY/MnXJY7fc7mpGA==}
    peerDependencies:
      typescript: '>=5.0.4'
    peerDependenciesMeta:
      typescript:
        optional: true

  viem@2.47.18:
    resolution: {integrity: sha512-m3kr+/i8MddeY5fmB2y2v5B0vDL0x8R4v/8gai4Lh4jh8KOWlQqml7PFLtilNomoDm3mINxdA0JnYBJfknNoEg==}
    peerDependencies:
      typescript: '>=5.0.4'
    peerDependenciesMeta:
      typescript:
        optional: true

  wasmbuilder@0.0.16:
    resolution: {integrity: sha512-Qx3lEFqaVvp1cEYW7Bfi+ebRJrOiwz2Ieu7ZG2l7YyeSJIok/reEQCQCuicj/Y32ITIJuGIM9xZQppGx5LrQdA==}

  wasmcurves@0.2.2:
    resolution: {integrity: sha512-JRY908NkmKjFl4ytnTu5ED6AwPD+8VJ9oc94kdq7h5bIwbj0L4TDJ69mG+2aLs2SoCmGfqIesMWTEJjtYsoQXQ==}

  web-worker@1.2.0:
    resolution: {integrity: sha512-PgF341avzqyx60neE9DD+XS26MMNMoUQRz9NOZwW32nPQrF6p77f1htcnjBSEV8BGMKZ16choqUG4hyI0Hx7mA==}

  ws@8.18.0:
    resolution: {integrity: sha512-8VbfWfHLbbwu3+N6OKsOMpBdT4kXPDDB9cJk2bJ6mh9ucxdlnNvH1e+roYkKmN9Nxw2yjz7VzeO9oOz2zJ04Pw==}
    engines: {node: '>=10.0.0'}
    peerDependencies:
      bufferutil: ^4.0.1
      utf-8-validate: '>=5.0.2'
    peerDependenciesMeta:
      bufferutil:
        optional: true
      utf-8-validate:
        optional: true

  ws@8.18.3:
    resolution: {integrity: sha512-PEIGCY5tSlUt50cqyMXfCzX+oOPqN0vuGqWzbcJ2xvnkzkq46oOpz7dQaTDBdfICb4N14+GARUDw2XV2N4tvzg==}
    engines: {node: '>=10.0.0'}
    peerDependencies:
      bufferutil: ^4.0.1
      utf-8-validate: '>=5.0.2'
    peerDependenciesMeta:
      bufferutil:
        optional: true
      utf-8-validate:
        optional: true

  yn@3.1.1:
    resolution: {integrity: sha512-Ux4ygGWsu2c7isFWe8Yu1YluJmqVhxqK2cLXNQA5AcC3QfbGNpM7fu0Y8b/z16pXLnFxZYvWhd3fhBY9DLmC6Q==}
    engines: {node: '>=6'}

  yocto-queue@1.2.2:
    resolution: {integrity: sha512-4LCcse/U2MHZ63HAJVE+v71o7yOdIe4cZ70Wpf8D/IyjDKYQLV5GD46B+hSTjJsvV5PztjvHoU580EftxjDZFQ==}
    engines: {node: '>=12.20'}

snapshots:

  '@adraffy/ens-normalize@1.11.1': {}

  '@chainsafe/as-sha256@1.2.0': {}

  '@chainsafe/hashtree-darwin-arm64@1.0.2':
    optional: true

  '@chainsafe/hashtree-linux-arm64-gnu@1.0.2':
    optional: true

  '@chainsafe/hashtree-linux-arm64-musl@1.0.2':
    optional: true

  '@chainsafe/hashtree-linux-x64-gnu@1.0.2':
    optional: true

  '@chainsafe/hashtree-linux-x64-musl@1.0.2':
    optional: true

  '@chainsafe/hashtree-win32-x64-msvc@1.0.2':
    optional: true

  '@chainsafe/hashtree@1.0.2':
    optionalDependencies:
      '@chainsafe/hashtree-darwin-arm64': 1.0.2
      '@chainsafe/hashtree-linux-arm64-gnu': 1.0.2
      '@chainsafe/hashtree-linux-arm64-musl': 1.0.2
      '@chainsafe/hashtree-linux-x64-gnu': 1.0.2
      '@chainsafe/hashtree-linux-x64-musl': 1.0.2
      '@chainsafe/hashtree-win32-x64-msvc': 1.0.2

  '@chainsafe/persistent-merkle-tree@1.2.1':
    dependencies:
      '@chainsafe/as-sha256': 1.2.0
      '@chainsafe/hashtree': 1.0.2
      '@noble/hashes': 1.8.0

  '@chainsafe/ssz@1.3.0':
    dependencies:
      '@chainsafe/as-sha256': 1.2.0
      '@chainsafe/persistent-merkle-tree': 1.2.1

  '@cspotcode/source-map-support@0.8.1':
    dependencies:
      '@jridgewell/trace-mapping': 0.3.9

  '@ethersproject/abi@5.8.0':
    dependencies:
      '@ethersproject/address': 5.8.0
      '@ethersproject/bignumber': 5.8.0
      '@ethersproject/bytes': 5.8.0
      '@ethersproject/constants': 5.8.0
      '@ethersproject/hash': 5.8.0
      '@ethersproject/keccak256': 5.8.0
      '@ethersproject/logger': 5.8.0
      '@ethersproject/properties': 5.8.0
      '@ethersproject/strings': 5.8.0

  '@ethersproject/abstract-provider@5.8.0':
    dependencies:
      '@ethersproject/bignumber': 5.8.0
      '@ethersproject/bytes': 5.8.0
      '@ethersproject/logger': 5.8.0
      '@ethersproject/networks': 5.8.0
      '@ethersproject/properties': 5.8.0
      '@ethersproject/transactions': 5.8.0
      '@ethersproject/web': 5.8.0

  '@ethersproject/abstract-signer@5.8.0':
    dependencies:
      '@ethersproject/abstract-provider': 5.8.0
      '@ethersproject/bignumber': 5.8.0
      '@ethersproject/bytes': 5.8.0
      '@ethersproject/logger': 5.8.0
      '@ethersproject/properties': 5.8.0

  '@ethersproject/address@5.8.0':
    dependencies:
      '@ethersproject/bignumber': 5.8.0
      '@ethersproject/bytes': 5.8.0
      '@ethersproject/keccak256': 5.8.0
      '@ethersproject/logger': 5.8.0
      '@ethersproject/rlp': 5.8.0

  '@ethersproject/base64@5.8.0':
    dependencies:
      '@ethersproject/bytes': 5.8.0

  '@ethersproject/basex@5.8.0':
    dependencies:
      '@ethersproject/bytes': 5.8.0
      '@ethersproject/properties': 5.8.0

  '@ethersproject/bignumber@5.8.0':
    dependencies:
      '@ethersproject/bytes': 5.8.0
      '@ethersproject/logger': 5.8.0
      bn.js: 5.2.2

  '@ethersproject/bytes@5.8.0':
    dependencies:
      '@ethersproject/logger': 5.8.0

  '@ethersproject/constants@5.8.0':
    dependencies:
      '@ethersproject/bignumber': 5.8.0

  '@ethersproject/contracts@5.8.0':
    dependencies:
      '@ethersproject/abi': 5.8.0
      '@ethersproject/abstract-provider': 5.8.0
      '@ethersproject/abstract-signer': 5.8.0
      '@ethersproject/address': 5.8.0
      '@ethersproject/bignumber': 5.8.0
      '@ethersproject/bytes': 5.8.0
      '@ethersproject/constants': 5.8.0
      '@ethersproject/logger': 5.8.0
      '@ethersproject/properties': 5.8.0
      '@ethersproject/transactions': 5.8.0

  '@ethersproject/hash@5.8.0':
    dependencies:
      '@ethersproject/abstract-signer': 5.8.0
      '@ethersproject/address': 5.8.0
      '@ethersproject/base64': 5.8.0
      '@ethersproject/bignumber': 5.8.0
      '@ethersproject/bytes': 5.8.0
      '@ethersproject/keccak256': 5.8.0
      '@ethersproject/logger': 5.8.0
      '@ethersproject/properties': 5.8.0
      '@ethersproject/strings': 5.8.0

  '@ethersproject/hdnode@5.8.0':
    dependencies:
      '@ethersproject/abstract-signer': 5.8.0
      '@ethersproject/basex': 5.8.0
      '@ethersproject/bignumber': 5.8.0
      '@ethersproject/bytes': 5.8.0
      '@ethersproject/logger': 5.8.0
      '@ethersproject/pbkdf2': 5.8.0
      '@ethersproject/properties': 5.8.0
      '@ethersproject/sha2': 5.8.0
      '@ethersproject/signing-key': 5.8.0
      '@ethersproject/strings': 5.8.0
      '@ethersproject/transactions': 5.8.0
      '@ethersproject/wordlists': 5.8.0

  '@ethersproject/json-wallets@5.8.0':
    dependencies:
      '@ethersproject/abstract-signer': 5.8.0
      '@ethersproject/address': 5.8.0
      '@ethersproject/bytes': 5.8.0
      '@ethersproject/hdnode': 5.8.0
      '@ethersproject/keccak256': 5.8.0
      '@ethersproject/logger': 5.8.0
      '@ethersproject/pbkdf2': 5.8.0
      '@ethersproject/properties': 5.8.0
      '@ethersproject/random': 5.8.0
      '@ethersproject/strings': 5.8.0
      '@ethersproject/transactions': 5.8.0
      aes-js: 3.0.0
      scrypt-js: 3.0.1

  '@ethersproject/keccak256@5.8.0':
    dependencies:
      '@ethersproject/bytes': 5.8.0
      js-sha3: 0.8.0

  '@ethersproject/logger@5.8.0': {}

  '@ethersproject/networks@5.8.0':
    dependencies:
      '@ethersproject/logger': 5.8.0

  '@ethersproject/pbkdf2@5.8.0':
    dependencies:
      '@ethersproject/bytes': 5.8.0
      '@ethersproject/sha2': 5.8.0

  '@ethersproject/properties@5.8.0':
    dependencies:
      '@ethersproject/logger': 5.8.0

  '@ethersproject/providers@5.8.0(bufferutil@4.0.9)(utf-8-validate@5.0.10)':
    dependencies:
      '@ethersproject/abstract-provider': 5.8.0
      '@ethersproject/abstract-signer': 5.8.0
      '@ethersproject/address': 5.8.0
      '@ethersproject/base64': 5.8.0
      '@ethersproject/basex': 5.8.0
      '@ethersproject/bignumber': 5.8.0
      '@ethersproject/bytes': 5.8.0
      '@ethersproject/constants': 5.8.0
      '@ethersproject/hash': 5.8.0
      '@ethersproject/logger': 5.8.0
      '@ethersproject/networks': 5.8.0
      '@ethersproject/properties': 5.8.0
      '@ethersproject/random': 5.8.0
      '@ethersproject/rlp': 5.8.0
      '@ethersproject/sha2': 5.8.0
      '@ethersproject/strings': 5.8.0
      '@ethersproject/transactions': 5.8.0
      '@ethersproject/web': 5.8.0
      bech32: 1.1.4
      ws: 8.18.0(bufferutil@4.0.9)(utf-8-validate@5.0.10)
    transitivePeerDependencies:
      - bufferutil
      - utf-8-validate

  '@ethersproject/random@5.8.0':
    dependencies:
      '@ethersproject/bytes': 5.8.0
      '@ethersproject/logger': 5.8.0

  '@ethersproject/rlp@5.8.0':
    dependencies:
      '@ethersproject/bytes': 5.8.0
      '@ethersproject/logger': 5.8.0

  '@ethersproject/sha2@5.8.0':
    dependencies:
      '@ethersproject/bytes': 5.8.0
      '@ethersproject/logger': 5.8.0
      hash.js: 1.1.7

  '@ethersproject/signing-key@5.8.0':
    dependencies:
      '@ethersproject/bytes': 5.8.0
      '@ethersproject/logger': 5.8.0
      '@ethersproject/properties': 5.8.0
      bn.js: 5.2.2
      elliptic: 6.6.1
      hash.js: 1.1.7

  '@ethersproject/solidity@5.8.0':
    dependencies:
      '@ethersproject/bignumber': 5.8.0
      '@ethersproject/bytes': 5.8.0
      '@ethersproject/keccak256': 5.8.0
      '@ethersproject/logger': 5.8.0
      '@ethersproject/sha2': 5.8.0
      '@ethersproject/strings': 5.8.0

  '@ethersproject/strings@5.8.0':
    dependencies:
      '@ethersproject/bytes': 5.8.0
      '@ethersproject/constants': 5.8.0
      '@ethersproject/logger': 5.8.0

  '@ethersproject/transactions@5.8.0':
    dependencies:
      '@ethersproject/address': 5.8.0
      '@ethersproject/bignumber': 5.8.0
      '@ethersproject/bytes': 5.8.0
      '@ethersproject/constants': 5.8.0
      '@ethersproject/keccak256': 5.8.0
      '@ethersproject/logger': 5.8.0
      '@ethersproject/properties': 5.8.0
      '@ethersproject/rlp': 5.8.0
      '@ethersproject/signing-key': 5.8.0

  '@ethersproject/units@5.8.0':
    dependencies:
      '@ethersproject/bignumber': 5.8.0
      '@ethersproject/constants': 5.8.0
      '@ethersproject/logger': 5.8.0

  '@ethersproject/wallet@5.8.0':
    dependencies:
      '@ethersproject/abstract-provider': 5.8.0
      '@ethersproject/abstract-signer': 5.8.0
      '@ethersproject/address': 5.8.0
      '@ethersproject/bignumber': 5.8.0
      '@ethersproject/bytes': 5.8.0
      '@ethersproject/hash': 5.8.0
      '@ethersproject/hdnode': 5.8.0
      '@ethersproject/json-wallets': 5.8.0
      '@ethersproject/keccak256': 5.8.0
      '@ethersproject/logger': 5.8.0
      '@ethersproject/properties': 5.8.0
      '@ethersproject/random': 5.8.0
      '@ethersproject/signing-key': 5.8.0
      '@ethersproject/transactions': 5.8.0
      '@ethersproject/wordlists': 5.8.0

  '@ethersproject/web@5.8.0':
    dependencies:
      '@ethersproject/base64': 5.8.0
      '@ethersproject/bytes': 5.8.0
      '@ethersproject/logger': 5.8.0
      '@ethersproject/properties': 5.8.0
      '@ethersproject/strings': 5.8.0

  '@ethersproject/wordlists@5.8.0':
    dependencies:
      '@ethersproject/bytes': 5.8.0
      '@ethersproject/hash': 5.8.0
      '@ethersproject/logger': 5.8.0
      '@ethersproject/properties': 5.8.0
      '@ethersproject/strings': 5.8.0

  '@jridgewell/resolve-uri@3.1.2': {}

  '@jridgewell/sourcemap-codec@1.5.5': {}

  '@jridgewell/trace-mapping@0.3.9':
    dependencies:
      '@jridgewell/resolve-uri': 3.1.2
      '@jridgewell/sourcemap-codec': 1.5.5

  '@noble/ciphers@1.3.0': {}

  '@noble/curves@1.9.1':
    dependencies:
      '@noble/hashes': 1.8.0

  '@noble/hashes@1.8.0': {}

  '@scure/base@1.2.6': {}

  '@scure/bip32@1.7.0':
    dependencies:
      '@noble/curves': 1.9.1
      '@noble/hashes': 1.8.0
      '@scure/base': 1.2.6

  '@scure/bip39@1.6.0':
    dependencies:
      '@noble/hashes': 1.8.0
      '@scure/base': 1.2.6

  '@symbioticfi/relay-stats-ts@file:..(bufferutil@4.0.9)(typescript@5.9.3)(utf-8-validate@5.0.10)':
    dependencies:
      '@chainsafe/ssz': 1.3.0
      big-integer: 1.6.52
      circomlibjs: 0.1.7(bufferutil@4.0.9)(utf-8-validate@5.0.10)
      viem: 2.47.18(bufferutil@4.0.9)(typescript@5.9.3)(utf-8-validate@5.0.10)
      yocto-queue: 1.2.2
    transitivePeerDependencies:
      - bufferutil
      - react-native-b4a
      - typescript
      - utf-8-validate
      - zod

  '@tsconfig/node10@1.0.12': {}

  '@tsconfig/node12@1.0.11': {}

  '@tsconfig/node14@1.0.3': {}

  '@tsconfig/node16@1.0.4': {}

  '@types/node@20.19.27':
    dependencies:
      undici-types: 6.21.0

  abitype@1.1.0(typescript@5.9.3):
    optionalDependencies:
      typescript: 5.9.3

  abitype@1.2.3(typescript@5.9.3):
    optionalDependencies:
      typescript: 5.9.3

  acorn-walk@8.3.4:
    dependencies:
      acorn: 8.15.0

  acorn@8.15.0: {}

  aes-js@3.0.0: {}

  arg@4.1.3: {}

  b4a@1.7.3: {}

  bech32@1.1.4: {}

  big-integer@1.6.52: {}

  blake-hash@2.0.0:
    dependencies:
      node-addon-api: 3.2.1
      node-gyp-build: 4.8.4
      readable-stream: 3.6.2

  blake2b-wasm@2.4.0:
    dependencies:
      b4a: 1.7.3
      nanoassert: 2.0.0
    transitivePeerDependencies:
      - react-native-b4a

  blake2b@2.1.4:
    dependencies:
      blake2b-wasm: 2.4.0
      nanoassert: 2.0.0
    transitivePeerDependencies:
      - react-native-b4a

  bn.js@4.12.2: {}

  bn.js@5.2.2: {}

  brorand@1.1.0: {}

  bufferutil@4.0.9:
    dependencies:
      node-gyp-build: 4.8.4
    optional: true

  circomlibjs@0.1.7(bufferutil@4.0.9)(utf-8-validate@5.0.10):
    dependencies:
      blake-hash: 2.0.0
      blake2b: 2.1.4
      ethers: 5.8.0(bufferutil@4.0.9)(utf-8-validate@5.0.10)
      ffjavascript: 0.2.63
    transitivePeerDependencies:
      - bufferutil
      - react-native-b4a
      - utf-8-validate

  create-require@1.1.1: {}

  diff@4.0.2: {}

  elliptic@6.6.1:
    dependencies:
      bn.js: 4.12.2
      brorand: 1.1.0
      hash.js: 1.1.7
      hmac-drbg: 1.0.1
      inherits: 2.0.4
      minimalistic-assert: 1.0.1
      minimalistic-crypto-utils: 1.0.1

  ethers@5.8.0(bufferutil@4.0.9)(utf-8-validate@5.0.10):
    dependencies:
      '@ethersproject/abi': 5.8.0
      '@ethersproject/abstract-provider': 5.8.0
      '@ethersproject/abstract-signer': 5.8.0
      '@ethersproject/address': 5.8.0
      '@ethersproject/base64': 5.8.0
      '@ethersproject/basex': 5.8.0
      '@ethersproject/bignumber': 5.8.0
      '@ethersproject/bytes': 5.8.0
      '@ethersproject/constants': 5.8.0
      '@ethersproject/contracts': 5.8.0
      '@ethersproject/hash': 5.8.0
      '@ethersproject/hdnode': 5.8.0
      '@ethersproject/json-wallets': 5.8.0
      '@ethersproject/keccak256': 5.8.0
      '@ethersproject/logger': 5.8.0
      '@ethersproject/networks': 5.8.0
      '@ethersproject/pbkdf2': 5.8.0
      '@ethersproject/properties': 5.8.0
      '@ethersproject/providers': 5.8.0(bufferutil@4.0.9)(utf-8-validate@5.0.10)
      '@ethersproject/random': 5.8.0
      '@ethersproject/rlp': 5.8.0
      '@ethersproject/sha2': 5.8.0
      '@ethersproject/signing-key': 5.8.0
      '@ethersproject/solidity': 5.8.0
      '@ethersproject/strings': 5.8.0
      '@ethersproject/transactions': 5.8.0
      '@ethersproject/units': 5.8.0
      '@ethersproject/wallet': 5.8.0
      '@ethersproject/web': 5.8.0
      '@ethersproject/wordlists': 5.8.0
    transitivePeerDependencies:
      - bufferutil
      - utf-8-validate

  eventemitter3@5.0.1: {}

  ffjavascript@0.2.63:
    dependencies:
      wasmbuilder: 0.0.16
      wasmcurves: 0.2.2
      web-worker: 1.2.0

  hash.js@1.1.7:
    dependencies:
      inherits: 2.0.4
      minimalistic-assert: 1.0.1

  hmac-drbg@1.0.1:
    dependencies:
      hash.js: 1.1.7
      minimalistic-assert: 1.0.1
      minimalistic-crypto-utils: 1.0.1

  inherits@2.0.4: {}

  isows@1.0.7(ws@8.18.3(bufferutil@4.0.9)(utf-8-validate@5.0.10)):
    dependencies:
      ws: 8.18.3(bufferutil@4.0.9)(utf-8-validate@5.0.10)

  js-sha3@0.8.0: {}

  make-error@1.3.6: {}

  minimalistic-assert@1.0.1: {}

  minimalistic-crypto-utils@1.0.1: {}

  nanoassert@2.0.0: {}

  node-addon-api@3.2.1: {}

  node-gyp-build@4.8.4: {}

  ox@0.14.15(typescript@5.9.3):
    dependencies:
      '@adraffy/ens-normalize': 1.11.1
      '@noble/ciphers': 1.3.0
      '@noble/curves': 1.9.1
      '@noble/hashes': 1.8.0
      '@scure/bip32': 1.7.0
      '@scure/bip39': 1.6.0
      abitype: 1.2.3(typescript@5.9.3)
      eventemitter3: 5.0.1
    optionalDependencies:
      typescript: 5.9.3
    transitivePeerDependencies:
      - zod

  ox@0.9.6(typescript@5.9.3):
    dependencies:
      '@adraffy/ens-normalize': 1.11.1
      '@noble/ciphers': 1.3.0
      '@noble/curves': 1.9.1
      '@noble/hashes': 1.8.0
      '@scure/bip32': 1.7.0
      '@scure/bip39': 1.6.0
      abitype: 1.1.0(typescript@5.9.3)
      eventemitter3: 5.0.1
    optionalDependencies:
      typescript: 5.9.3
    transitivePeerDependencies:
      - zod

  readable-stream@3.6.2:
    dependencies:
      inherits: 2.0.4
      string_decoder: 1.3.0
      util-deprecate: 1.0.2

  safe-buffer@5.2.1: {}

  scrypt-js@3.0.1: {}

  string_decoder@1.3.0:
    dependencies:
      safe-buffer: 5.2.1

  ts-node@10.9.2(@types/node@20.19.27)(typescript@5.9.3):
    dependencies:
      '@cspotcode/source-map-support': 0.8.1
      '@tsconfig/node10': 1.0.12
      '@tsconfig/node12': 1.0.11
      '@tsconfig/node14': 1.0.3
      '@tsconfig/node16': 1.0.4
      '@types/node': 20.19.27
      acorn: 8.15.0
      acorn-walk: 8.3.4
      arg: 4.1.3
      create-require: 1.1.1
      diff: 4.0.2
      make-error: 1.3.6
      typescript: 5.9.3
      v8-compile-cache-lib: 3.0.1
      yn: 3.1.1

  typescript@5.9.3: {}

  undici-types@6.21.0: {}

  utf-8-validate@5.0.10:
    dependencies:
      node-gyp-build: 4.8.4
    optional: true

  util-deprecate@1.0.2: {}

  v8-compile-cache-lib@3.0.1: {}

  viem@2.42.0(bufferutil@4.0.9)(typescript@5.9.3)(utf-8-validate@5.0.10):
    dependencies:
      '@noble/curves': 1.9.1
      '@noble/hashes': 1.8.0
      '@scure/bip32': 1.7.0
      '@scure/bip39': 1.6.0
      abitype: 1.1.0(typescript@5.9.3)
      isows: 1.0.7(ws@8.18.3(bufferutil@4.0.9)(utf-8-validate@5.0.10))
      ox: 0.9.6(typescript@5.9.3)
      ws: 8.18.3(bufferutil@4.0.9)(utf-8-validate@5.0.10)
    optionalDependencies:
      typescript: 5.9.3
    transitivePeerDependencies:
      - bufferutil
      - utf-8-validate
      - zod

  viem@2.47.18(bufferutil@4.0.9)(typescript@5.9.3)(utf-8-validate@5.0.10):
    dependencies:
      '@noble/curves': 1.9.1
      '@noble/hashes': 1.8.0
      '@scure/bip32': 1.7.0
      '@scure/bip39': 1.6.0
      abitype: 1.2.3(typescript@5.9.3)
      isows: 1.0.7(ws@8.18.3(bufferutil@4.0.9)(utf-8-validate@5.0.10))
      ox: 0.14.15(typescript@5.9.3)
      ws: 8.18.3(bufferutil@4.0.9)(utf-8-validate@5.0.10)
    optionalDependencies:
      typescript: 5.9.3
    transitivePeerDependencies:
      - bufferutil
      - utf-8-validate
      - zod

  wasmbuilder@0.0.16: {}

  wasmcurves@0.2.2:
    dependencies:
      wasmbuilder: 0.0.16

  web-worker@1.2.0: {}

  ws@8.18.0(bufferutil@4.0.9)(utf-8-validate@5.0.10):
    optionalDependencies:
      bufferutil: 4.0.9
      utf-8-validate: 5.0.10

  ws@8.18.3(bufferutil@4.0.9)(utf-8-validate@5.0.10):
    optionalDependencies:
      bufferutil: 4.0.9
      utf-8-validate: 5.0.10

  yn@3.1.1: {}

  yocto-queue@1.2.2: {}
